
Microsoft Visual Studio Solution File, Format Version 12.00
# Visual Studio Version 16
VisualStudioVersion = 16.0.31729.503
MinimumVisualStudioVersion = 10.0.40219.1
Project("{FAE04EC0-301F-11D3-BF4B-00C04F79EFBC}") = "Presentacion", "ControlDeVentas\Presentacion.csproj", "{D3EACF6D-7622-4B3C-9A25-16206400C90D}"
EndProject
Project("{FAE04EC0-301F-11D3-BF4B-00C04F79EFBC}") = "AccesoDatos", "AccesoDatos\AccesoDatos.csproj", "{606B3898-ABD4-48FF-B37A-19AB020EC807}"
EndProject
Project("{FAE04EC0-301F-11D3-BF4B-00C04F79EFBC}") = "Dominio", "Dominio\Dominio.csproj", "{68C0B045-A562-4A81-8EA3-FCD615DA3F24}"
EndProject
Project("{FAE04EC0-301F-11D3-BF4B-00C04F79EFBC}") = "Common", "Common\Common.csproj", "{97F97D41-0D04-4444-9309-1B7B7FA349F1}"
EndProject
Global
	GlobalSection(SolutionConfigurationPlatforms) = preSolution
		Debug|Any CPU = Debug|Any CPU
		Release|Any CPU = Release|Any CPU
	EndGlobalSection
	GlobalSection(ProjectConfigurationPlatforms) = postSolution
		{D3EACF6D-7622-4B3C-9A25-16206400C90D}.Debug|Any CPU.ActiveCfg = Debug|Any CPU
		{D3EACF6D-7622-4B3C-9A25-16206400C90D}.Debug|Any CPU.Build.0 = Debug|Any CPU
		{D3EACF6D-7622-4B3C-9A25-16206400C90D}.Release|Any CPU.ActiveCfg = Release|Any CPU
		{D3EACF6D-7622-4B3C-9A25-16206400C90D}.Release|Any CPU.Build.0 = Release|Any CPU
		{606B3898-ABD4-48FF-B37A-19AB020EC807}.Debug|Any CPU.ActiveCfg = Debug|Any CPU
		{606B3898-ABD4-48FF-B37A-19AB020EC807}.Debug|Any CPU.Build.0 = Debug|Any CPU
		{606B3898-ABD4-48FF-B37A-19AB020EC807}.Release|Any CPU.ActiveCfg = Release|Any CPU
		{606B3898-ABD4-48FF-B37A-19AB020EC807}.Release|Any CPU.Build.0 = Release|Any CPU
		{68C0B045-A562-4A81-8EA3-FCD615DA3F24}.Debug|Any CPU.ActiveCfg = Debug|Any CPU
		{68C0B045-A562-4A81-8EA3-FCD615DA3F24}.Debug|Any CPU.Build.0 = Debug|Any CPU
		{68C0B045-A562-4A81-8EA3-FCD615DA3F24}.Release|Any CPU.ActiveCfg = Release|Any CPU
		{68C0B045-A562-4A81-8EA3-FCD615DA3F24}.Release|Any CPU.Build.0 = Release|Any CPU
		{97F97D41-0D04-4444-9309-1B7B7FA349F1}.Debug|Any CPU.ActiveCfg = Debug|Any CPU
		{97F97D41-0D04-4444-9309-1B7B7FA349F1}.Debug|Any CPU.Build.0 = Debug|Any CPU
		{97F97D41-0D04-4444-9309-1B7B7FA349F1}.Release|Any CPU.ActiveCfg = Release|Any CPU
		{97F97D41-0D04-4444-9309-1B7B7FA349F1}.Release|Any CPU.Build.0 = Release|Any CPU
	EndGlobalSection
	GlobalSection(SolutionProperties) = preSolution
		HideSolutionNode = FALSE
	EndGlobalSection
	GlobalSection(ExtensibilityGlobals) = postSolution
		SolutionGuid = {76242C89-9E2B-4519-9AC1-7E4FFC763EB7}
	EndGlobalSection
EndGlobal
